
Microsoft Visual Studio Solution File, Format Version 12.00
# Visual Studio 14
VisualStudioVersion = 14.0.25420.1
MinimumVisualStudioVersion = 10.0.40219.1
Project("{2150E333-8FDC-42A3-9474-1A3956D46DE8}") = "src", "src", "{68EBC13D-0F59-460D-BA75-5F5D067B356D}"
EndProject
Project("{2150E333-8FDC-42A3-9474-1A3956D46DE8}") = "Solution Items", "Solution Items", "{91EA87D2-C2B3-4379-ABE4-04C56B464DC5}"
	ProjectSection(SolutionItems) = preProject
		global.json = global.json
	EndProjectSection
EndProject
Project("{8BB2217D-0F2D-49D1-97BC-3654ED321F3B}") = "IdentityStuff", "src\IdentityStuff\IdentityStuff.xproj", "{97024C5B-33FA-4129-AB0E-B44B8FE072C9}"
EndProject
Project("{2150E333-8FDC-42A3-9474-1A3956D46DE8}") = "tests", "tests", "{CDEF672E-E587-446B-861D-2FA04A23C31C}"
EndProject
Project("{8BB2217D-0F2D-49D1-97BC-3654ED321F3B}") = "ToDoList.Tests", "ToDoList.Tests\ToDoList.Tests.xproj", "{956AD44A-4D5B-4DA9-B690-93455C933108}"
EndProject
Global
	GlobalSection(SolutionConfigurationPlatforms) = preSolution
		Debug|Any CPU = Debug|Any CPU
		Release|Any CPU = Release|Any CPU
	EndGlobalSection
	GlobalSection(ProjectConfigurationPlatforms) = postSolution
		{97024C5B-33FA-4129-AB0E-B44B8FE072C9}.Debug|Any CPU.ActiveCfg = Debug|Any CPU
		{97024C5B-33FA-4129-AB0E-B44B8FE072C9}.Debug|Any CPU.Build.0 = Debug|Any CPU
		{97024C5B-33FA-4129-AB0E-B44B8FE072C9}.Release|Any CPU.ActiveCfg = Release|Any CPU
		{97024C5B-33FA-4129-AB0E-B44B8FE072C9}.Release|Any CPU.Build.0 = Release|Any CPU
		{956AD44A-4D5B-4DA9-B690-93455C933108}.Debug|Any CPU.ActiveCfg = Debug|Any CPU
		{956AD44A-4D5B-4DA9-B690-93455C933108}.Debug|Any CPU.Build.0 = Debug|Any CPU
		{956AD44A-4D5B-4DA9-B690-93455C933108}.Release|Any CPU.ActiveCfg = Release|Any CPU
		{956AD44A-4D5B-4DA9-B690-93455C933108}.Release|Any CPU.Build.0 = Release|Any CPU
	EndGlobalSection
	GlobalSection(SolutionProperties) = preSolution
		HideSolutionNode = FALSE
	EndGlobalSection
	GlobalSection(NestedProjects) = preSolution
		{97024C5B-33FA-4129-AB0E-B44B8FE072C9} = {68EBC13D-0F59-460D-BA75-5F5D067B356D}
		{956AD44A-4D5B-4DA9-B690-93455C933108} = {CDEF672E-E587-446B-861D-2FA04A23C31C}
	EndGlobalSection
EndGlobal
